# THIS IS AN AUTOGENERATED FILE. DO NOT EDIT THIS FILE DIRECTLY.
# yarn lockfile v1


ajv-keywords@^3.1.0:
  version "3.2.0"
  resolved "https://registry.yarnpkg.com/ajv-keywords/-/ajv-keywords-3.2.0.tgz#e86b819c602cf8821ad637413698f1dec021847a"

ajv@^6.1.0:
  version "6.4.0"
  resolved "https://registry.yarnpkg.com/ajv/-/ajv-6.4.0.tgz#d3aff78e9277549771daf0164cff48482b754fc6"
  dependencies:
    fast-deep-equal "^1.0.0"
    fast-json-stable-stringify "^2.0.0"
    json-schema-traverse "^0.3.0"
    uri-js "^3.0.2"

asap@~2.0.3:
  version "2.0.6"
  resolved "https://registry.yarnpkg.com/asap/-/asap-2.0.6.tgz#e50347611d7e690943208bbdafebcbc2fb866d46"

attr-accept@^1.0.3:
  version "1.1.2"
  resolved "https://registry.yarnpkg.com/attr-accept/-/attr-accept-1.1.2.tgz#6836bfe054e4ef1ee3076fdde56cec9bb3ffead6"
  dependencies:
    core-js "^2.5.0"

babel-runtime@^5.6.18:
  version "5.8.38"
  resolved "https://registry.yarnpkg.com/babel-runtime/-/babel-runtime-5.8.38.tgz#1c0b02eb63312f5f087ff20450827b425c9d4c19"
  dependencies:
    core-js "^1.0.0"

big.js@^3.1.3:
  version "3.2.0"
  resolved "https://registry.yarnpkg.com/big.js/-/big.js-3.2.0.tgz#a5fc298b81b9e0dca2e458824784b65c52ba588e"

blacklist@^1.1.2:
  version "1.1.4"
  resolved "https://registry.yarnpkg.com/blacklist/-/blacklist-1.1.4.tgz#b2dd09d6177625b2caa69835a37b28995fa9a2f2"

bricks.js@^1.7.0:
  version "1.8.0"
  resolved "https://registry.yarnpkg.com/bricks.js/-/bricks.js-1.8.0.tgz#8fdeb3c0226af251f4d5727a7df7f9ac0092b4b2"
  dependencies:
    knot.js "^1.1.5"

calendarium@^0.3.3:
  version "0.3.3"
  resolved "https://registry.yarnpkg.com/calendarium/-/calendarium-0.3.3.tgz#213d68fa647096fbc28ed9460eac6442b819aa78"

classnames@^2.1.2, classnames@^2.2.0, classnames@^2.2.3:
  version "2.2.5"
  resolved "https://registry.yarnpkg.com/classnames/-/classnames-2.2.5.tgz#fb3801d453467649ef3603c7d61a02bd129bde6d"

core-js@^1.0.0:
  version "1.2.7"
  resolved "https://registry.yarnpkg.com/core-js/-/core-js-1.2.7.tgz#652294c14651db28fa93bd2d5ff2983a4f08c636"

core-js@^2.5.0:
  version "2.5.5"
  resolved "https://registry.yarnpkg.com/core-js/-/core-js-2.5.5.tgz#b14dde936c640c0579a6b50cabcc132dd6127e3b"

create-react-class@^15.5.2:
  version "15.6.3"
  resolved "https://registry.yarnpkg.com/create-react-class/-/create-react-class-15.6.3.tgz#2d73237fb3f970ae6ebe011a9e66f46dbca80036"
  dependencies:
    fbjs "^0.8.9"
    loose-envify "^1.3.1"
    object-assign "^4.1.1"

emojis-list@^2.0.0:
  version "2.1.0"
  resolved "https://registry.yarnpkg.com/emojis-list/-/emojis-list-2.1.0.tgz#4daa4d9db00f9819880c79fa457ae5b09a1fd389"

encoding@^0.1.11:
  version "0.1.12"
  resolved "https://registry.yarnpkg.com/encoding/-/encoding-0.1.12.tgz#538b66f3ee62cd1ab51ec323829d1f9480c74beb"
  dependencies:
    iconv-lite "~0.4.13"

fast-deep-equal@^1.0.0:
  version "1.1.0"
  resolved "https://registry.yarnpkg.com/fast-deep-equal/-/fast-deep-equal-1.1.0.tgz#c053477817c86b51daa853c81e059b733d023614"

fast-json-stable-stringify@^2.0.0:
  version "2.0.0"
  resolved "https://registry.yarnpkg.com/fast-json-stable-stringify/-/fast-json-stable-stringify-2.0.0.tgz#d5142c0caee6b1189f87d3a76111064f86c8bbf2"

fbjs@^0.8.16, fbjs@^0.8.4, fbjs@^0.8.9:
  version "0.8.16"
  resolved "https://registry.yarnpkg.com/fbjs/-/fbjs-0.8.16.tgz#5e67432f550dc41b572bf55847b8aca64e5337db"
  dependencies:
    core-js "^1.0.0"
    isomorphic-fetch "^2.1.1"
    loose-envify "^1.0.0"
    object-assign "^4.1.0"
    promise "^7.1.1"
    setimmediate "^1.0.5"
    ua-parser-js "^0.7.9"

file-loader@^1.1.11:
  version "1.1.11"
  resolved "https://registry.yarnpkg.com/file-loader/-/file-loader-1.1.11.tgz#6fe886449b0f2a936e43cabaac0cdbfb369506f8"
  dependencies:
    loader-utils "^1.0.2"
    schema-utils "^0.4.5"

iconv-lite@~0.4.13:
  version "0.4.21"
  resolved "https://registry.yarnpkg.com/iconv-lite/-/iconv-lite-0.4.21.tgz#c47f8733d02171189ebc4a400f3218d348094798"
  dependencies:
    safer-buffer "^2.1.0"

input-moment@^0.4.0:
  version "0.4.0"
  resolved "https://registry.yarnpkg.com/input-moment/-/input-moment-0.4.0.tgz#4a43201b7d70610accab838f55965da1583fa76e"
  dependencies:
    classnames "^2.2.0"
    lodash "^4.17.4"
    react-input-slider "^4.0.0"

is-stream@^1.0.1:
  version "1.1.0"
  resolved "https://registry.yarnpkg.com/is-stream/-/is-stream-1.1.0.tgz#12d4a3dd4e68e0b79ceb8dbc84173ae80d91ca44"

isomorphic-fetch@^2.1.1:
  version "2.2.1"
  resolved "https://registry.yarnpkg.com/isomorphic-fetch/-/isomorphic-fetch-2.2.1.tgz#611ae1acf14f5e81f729507472819fe9733558a9"
  dependencies:
    node-fetch "^1.0.1"
    whatwg-fetch ">=0.10.0"

js-tokens@^3.0.0:
  version "3.0.2"
  resolved "https://registry.yarnpkg.com/js-tokens/-/js-tokens-3.0.2.tgz#9866df395102130e38f7f996bceb65443209c25b"

json-schema-traverse@^0.3.0:
  version "0.3.1"
  resolved "https://registry.yarnpkg.com/json-schema-traverse/-/json-schema-traverse-0.3.1.tgz#349a6d44c53a51de89b40805c5d5e59b417d3340"

json5@^0.5.0:
  version "0.5.1"
  resolved "https://registry.yarnpkg.com/json5/-/json5-0.5.1.tgz#1eade7acc012034ad84e2396767ead9fa5495821"

knot.js@^1.1.5:
  version "1.1.5"
  resolved "https://registry.yarnpkg.com/knot.js/-/knot.js-1.1.5.tgz#28e72522f703f50fe98812fde224dd72728fef5d"

loader-utils@^1.0.2:
  version "1.1.0"
  resolved "https://registry.yarnpkg.com/loader-utils/-/loader-utils-1.1.0.tgz#c98aef488bcceda2ffb5e2de646d6a754429f5cd"
  dependencies:
    big.js "^3.1.3"
    emojis-list "^2.0.0"
    json5 "^0.5.0"

lodash.clonedeep@^4.5.0:
  version "4.5.0"
  resolved "https://registry.yarnpkg.com/lodash.clonedeep/-/lodash.clonedeep-4.5.0.tgz#e23f3f9c4f8fbdde872529c1071857a086e5ccef"

lodash.debounce@^4.0.6:
  version "4.0.8"
  resolved "https://registry.yarnpkg.com/lodash.debounce/-/lodash.debounce-4.0.8.tgz#82d79bff30a67c4005ffd5e2515300ad9ca4d7af"

lodash@^4.17.4:
  version "4.17.10"
  resolved "https://registry.yarnpkg.com/lodash/-/lodash-4.17.10.tgz#1b7793cf7259ea38fb3661d4d38b3260af8ae4e7"

loose-envify@^1.0.0, loose-envify@^1.3.1:
  version "1.3.1"
  resolved "https://registry.yarnpkg.com/loose-envify/-/loose-envify-1.3.1.tgz#d1a8ad33fa9ce0e713d65fdd0ac8b748d478c848"
  dependencies:
    js-tokens "^3.0.0"

moment@^2.22.0, moment@^2.8.2:
  version "2.22.0"
  resolved "https://registry.yarnpkg.com/moment/-/moment-2.22.0.tgz#7921ade01017dd45186e7fee5f424f0b8663a730"

node-fetch@^1.0.1:
  version "1.7.3"
  resolved "https://registry.yarnpkg.com/node-fetch/-/node-fetch-1.7.3.tgz#980f6f72d85211a5347c6b2bc18c5b84c3eb47ef"
  dependencies:
    encoding "^0.1.11"
    is-stream "^1.0.1"

object-assign@^3.0.0:
  version "3.0.0"
  resolved "https://registry.yarnpkg.com/object-assign/-/object-assign-3.0.0.tgz#9bedd5ca0897949bca47e7ff408062d549f587f2"

object-assign@^4.1.0, object-assign@^4.1.1:
  version "4.1.1"
  resolved "https://registry.yarnpkg.com/object-assign/-/object-assign-4.1.1.tgz#2109adc7965887cfc05cbbd442cac8bfbb360863"

promise@^7.1.1:
  version "7.3.1"
  resolved "https://registry.yarnpkg.com/promise/-/promise-7.3.1.tgz#064b72602b18f90f29192b8b1bc418ffd1ebd3bf"
  dependencies:
    asap "~2.0.3"

prop-types@^15.5.10, prop-types@^15.5.7, prop-types@^15.5.8:
  version "15.6.1"
  resolved "https://registry.yarnpkg.com/prop-types/-/prop-types-15.6.1.tgz#36644453564255ddda391191fb3a125cbdf654ca"
  dependencies:
    fbjs "^0.8.16"
    loose-envify "^1.3.1"
    object-assign "^4.1.1"

punycode@^2.1.0:
  version "2.1.0"
  resolved "https://registry.yarnpkg.com/punycode/-/punycode-2.1.0.tgz#5f863edc89b96db09074bad7947bf09056ca4e7d"

react-addons-shallow-compare@^15.6.2:
  version "15.6.2"
  resolved "https://registry.yarnpkg.com/react-addons-shallow-compare/-/react-addons-shallow-compare-15.6.2.tgz#198a00b91fc37623db64a28fd17b596ba362702f"
  dependencies:
    fbjs "^0.8.4"
    object-assign "^4.1.0"

react-bootstrap-datetimepicker@^0.0.22:
  version "0.0.22"
  resolved "https://registry.yarnpkg.com/react-bootstrap-datetimepicker/-/react-bootstrap-datetimepicker-0.0.22.tgz#07e448d993157d049ad0876d0f9a3c9c5029d9c5"
  dependencies:
    babel-runtime "^5.6.18"
    classnames "^2.1.2"
    moment "^2.8.2"

react-datetime-inputs@^0.0.6:
  version "0.0.6"
  resolved "https://registry.yarnpkg.com/react-datetime-inputs/-/react-datetime-inputs-0.0.6.tgz#c0d16d42e22ed36349ced5db701589a87ef2bb2c"

react-datetime@^2.14.0:
  version "2.14.0"
  resolved "https://registry.yarnpkg.com/react-datetime/-/react-datetime-2.14.0.tgz#c7859c5b765275d7980f1cca27c03a727ff9ccef"
  dependencies:
    create-react-class "^15.5.2"
    object-assign "^3.0.0"
    prop-types "^15.5.7"
    react-onclickoutside "^6.5.0"

react-dropzone@^4.2.9:
  version "4.2.9"
  resolved "https://registry.yarnpkg.com/react-dropzone/-/react-dropzone-4.2.9.tgz#98156ce4d4cb018f7c5099eeb2eaff6dc21836fd"
  dependencies:
    attr-accept "^1.0.3"
    prop-types "^15.5.7"

react-geosuggest@^2.7.0:
  version "2.7.0"
  resolved "https://registry.yarnpkg.com/react-geosuggest/-/react-geosuggest-2.7.0.tgz#6c02ea685062cf191aca40879c17916337d16250"
  dependencies:
    classnames "^2.2.3"
    lodash.debounce "^4.0.6"
    react-addons-shallow-compare "^15.6.2"

react-infinite-scroller@^1.0.12:
  version "1.1.4"
  resolved "https://registry.yarnpkg.com/react-infinite-scroller/-/react-infinite-scroller-1.1.4.tgz#176b1a9ca8fdff53eeb34f648c7b0d446459d61b"
  dependencies:
    prop-types "^15.5.8"

react-input-slider@^4.0.0:
  version "4.0.1"
  resolved "https://registry.yarnpkg.com/react-input-slider/-/react-input-slider-4.0.1.tgz#cb1b691baa67555ab4d1c66b9f1a134574f1c25c"
  dependencies:
    blacklist "^1.1.2"
    classnames "^2.2.0"
    prop-types "^15.5.10"

react-masonry-infinite@^1.2.2:
  version "1.2.2"
  resolved "https://registry.yarnpkg.com/react-masonry-infinite/-/react-masonry-infinite-1.2.2.tgz#20c1386f9ccdda9747527c8f42bc2c02dd2e7951"
  dependencies:
    bricks.js "^1.7.0"
    prop-types "^15.5.10"
    react-infinite-scroller "^1.0.12"

react-onclickoutside@^6.5.0:
  version "6.7.1"
  resolved "https://registry.yarnpkg.com/react-onclickoutside/-/react-onclickoutside-6.7.1.tgz#6a5b5b8b4eae6b776259712c89c8a2b36b17be93"

safer-buffer@^2.1.0:
  version "2.1.2"
  resolved "https://registry.yarnpkg.com/safer-buffer/-/safer-buffer-2.1.2.tgz#44fa161b0187b9549dd84bb91802f9bd8385cd6a"

schema-utils@^0.4.5:
  version "0.4.5"
  resolved "https://registry.yarnpkg.com/schema-utils/-/schema-utils-0.4.5.tgz#21836f0608aac17b78f9e3e24daff14a5ca13a3e"
  dependencies:
    ajv "^6.1.0"
    ajv-keywords "^3.1.0"

setimmediate@^1.0.5:
  version "1.0.5"
  resolved "https://registry.yarnpkg.com/setimmediate/-/setimmediate-1.0.5.tgz#290cbb232e306942d7d7ea9b83732ab7856f8285"

stylus-loader@^3.0.2:
  version "3.0.2"
  resolved "https://registry.yarnpkg.com/stylus-loader/-/stylus-loader-3.0.2.tgz#27a706420b05a38e038e7cacb153578d450513c6"
  dependencies:
    loader-utils "^1.0.2"
    lodash.clonedeep "^4.5.0"
    when "~3.6.x"

ua-parser-js@^0.7.9:
  version "0.7.17"
  resolved "https://registry.yarnpkg.com/ua-parser-js/-/ua-parser-js-0.7.17.tgz#e9ec5f9498b9ec910e7ae3ac626a805c4d09ecac"

uri-js@^3.0.2:
  version "3.0.2"
  resolved "https://registry.yarnpkg.com/uri-js/-/uri-js-3.0.2.tgz#f90b858507f81dea4dcfbb3c4c3dbfa2b557faaa"
  dependencies:
    punycode "^2.1.0"

whatwg-fetch@>=0.10.0:
  version "2.0.4"
  resolved "https://registry.yarnpkg.com/whatwg-fetch/-/whatwg-fetch-2.0.4.tgz#dde6a5df315f9d39991aa17621853d720b85566f"

when@~3.6.x:
  version "3.6.4"
  resolved "https://registry.yarnpkg.com/when/-/when-3.6.4.tgz#473b517ec159e2b85005497a13983f095412e34e"
